
Microsoft Visual Studio Solution File, Format Version 12.00
# Visual Studio Version 17
VisualStudioVersion = 17.4.33213.308
MinimumVisualStudioVersion = 10.0.40219.1
Project("{9A19103F-16F7-4668-BE54-9A1E7A4F7556}") = "CursoCSharp", "CursoCSharp.csproj", "{771FC5AE-8D9E-4677-AC7A-EA388FFAEB87}"
EndProject
Project("{FAE04EC0-301F-11D3-BF4B-00C04F79EFBC}") = "Encapsulamento", "..\Encapsulamento\Encapsulamento.csproj", "{5060EF2E-5F6E-42BE-AC46-7708A5500066}"
EndProject
Global
	GlobalSection(SolutionConfigurationPlatforms) = preSolution
		Debug|Any CPU = Debug|Any CPU
		Release|Any CPU = Release|Any CPU
	EndGlobalSection
	GlobalSection(ProjectConfigurationPlatforms) = postSolution
		{771FC5AE-8D9E-4677-AC7A-EA388FFAEB87}.Debug|Any CPU.ActiveCfg = Debug|Any CPU
		{771FC5AE-8D9E-4677-AC7A-EA388FFAEB87}.Debug|Any CPU.Build.0 = Debug|Any CPU
		{771FC5AE-8D9E-4677-AC7A-EA388FFAEB87}.Release|Any CPU.ActiveCfg = Release|Any CPU
		{771FC5AE-8D9E-4677-AC7A-EA388FFAEB87}.Release|Any CPU.Build.0 = Release|Any CPU
		{5060EF2E-5F6E-42BE-AC46-7708A5500066}.Debug|Any CPU.ActiveCfg = Debug|Any CPU
		{5060EF2E-5F6E-42BE-AC46-7708A5500066}.Debug|Any CPU.Build.0 = Debug|Any CPU
		{5060EF2E-5F6E-42BE-AC46-7708A5500066}.Release|Any CPU.ActiveCfg = Release|Any CPU
		{5060EF2E-5F6E-42BE-AC46-7708A5500066}.Release|Any CPU.Build.0 = Release|Any CPU
	EndGlobalSection
	GlobalSection(SolutionProperties) = preSolution
		HideSolutionNode = FALSE
	EndGlobalSection
	GlobalSection(ExtensibilityGlobals) = postSolution
		SolutionGuid = {42F113FB-6BDC-4685-9BCA-B38E5CE0A691}
	EndGlobalSection
EndGlobal
